{
  "name": "blockbio",
  "version": "0.0.1",
  "lockfileVersion": 2,
  "requires": true,
  "packages": {
    "": {
      "name": "blockbio",
      "version": "0.0.1",
      "license": "MIT ",
      "dependencies": {
        "dotenv": "^16.0.1",
        "es-main": "^1.0.2",
        "twitter-api-v2": "^1.12.2"
      }
    },
    "node_modules/dotenv": {
      "version": "16.0.1",
      "resolved": "https://registry.npmjs.org/dotenv/-/dotenv-16.0.1.tgz",
      "integrity": "sha512-1K6hR6wtk2FviQ4kEiSjFiH5rpzEVi8WW0x96aztHVMhEspNpc4DVOUTEHtEva5VThQ8IaBX1Pe4gSzpVVUsKQ==",
      "engines": {
        "node": ">=12"
      }
    },
    "node_modules/es-main": {
      "version": "1.0.2",
      "resolved": "https://registry.npmjs.org/es-main/-/es-main-1.0.2.tgz",
      "integrity": "sha512-LLgW8Cby/FiyQygrI23q2EswulHiDKoyjWlDRgTGXjQ3iRim2R26VfoehpxI5oKRXSNams3L/80KtggoUdxdDQ=="
    },
    "node_modules/twitter-api-v2": {
      "version": "1.12.2",
      "resolved": "https://registry.npmjs.org/twitter-api-v2/-/twitter-api-v2-1.12.2.tgz",
      "integrity": "sha512-vgv4ndG7BcjSzcm/Owf+tN4DVSZxWlN61hpulFkmUdf+hBjWvr/0edHoy+IUm1g2pJ7c+6706ZgkjZPdp0GHQA=="
    }
  },
  "dependencies": {
    "dotenv": {
      "version": "16.0.1",
      "resolved": "https://registry.npmjs.org/dotenv/-/dotenv-16.0.1.tgz",
      "integrity": "sha512-1K6hR6wtk2FviQ4kEiSjFiH5rpzEVi8WW0x96aztHVMhEspNpc4DVOUTEHtEva5VThQ8IaBX1Pe4gSzpVVUsKQ=="
    },
    "es-main": {
      "version": "1.0.2",
      "resolved": "https://registry.npmjs.org/es-main/-/es-main-1.0.2.tgz",
      "integrity": "sha512-LLgW8Cby/FiyQygrI23q2EswulHiDKoyjWlDRgTGXjQ3iRim2R26VfoehpxI5oKRXSNams3L/80KtggoUdxdDQ=="
    },
    "twitter-api-v2": {
      "version": "1.12.2",
      "resolved": "https://registry.npmjs.org/twitter-api-v2/-/twitter-api-v2-1.12.2.tgz",
      "integrity": "sha512-vgv4ndG7BcjSzcm/Owf+tN4DVSZxWlN61hpulFkmUdf+hBjWvr/0edHoy+IUm1g2pJ7c+6706ZgkjZPdp0GHQA=="
    }
  }
}
